// !$*UTF8*$!
{
	archiveVersion = 1;
	classes = {
	};
	objectVersion = 46;
	objects = {

/* Begin PBXBuildFile section */
		D5B2606A1C156ACC00174F02 /* main.m in Sources */ = {isa = PBXBuildFile; fileRef = D5B260691C156ACC00174F02 /* main.m */; };
		D5B2606D1C156ACC00174F02 /* AppDelegate.m in Sources */ = {isa = PBXBuildFile; fileRef = D5B2606C1C156ACC00174F02 /* AppDelegate.m */; };
		D5B260701C156ACC00174F02 /* ViewController.m in Sources */ = {isa = PBXBuildFile; fileRef = D5B2606F1C156ACC00174F02 /* ViewController.m */; };
		D5B260731C156ACC00174F02 /* Main.storyboard in Resources */ = {isa = PBXBuildFile; fileRef = D5B260711C156ACC00174F02 /* Main.storyboard */; };
		D5B260751C156ACC00174F02 /* Assets.xcassets in Resources */ = {isa = PBXBuildFile; fileRef = D5B260741C156ACC00174F02 /* Assets.xcassets */; };
		D5B260781C156ACC00174F02 /* LaunchScreen.storyboard in Resources */ = {isa = PBXBuildFile; fileRef = D5B260761C156ACC00174F02 /* LaunchScreen.storyboard */; };
		D5B260831C156ACD00174F02 /* _0151207003_UITableViewController_MeiTuanTests.m in Sources */ = {isa = PBXBuildFile; fileRef = D5B260821C156ACD00174F02 /* _0151207003_UITableViewController_MeiTuanTests.m */; };
		D5B2608E1C156ACD00174F02 /* _0151207003_UITableViewController_MeiTuanUITests.m in Sources */ = {isa = PBXBuildFile; fileRef = D5B2608D1C156ACD00174F02 /* _0151207003_UITableViewController_MeiTuanUITests.m */; };
		D5B2609C1C156B2B00174F02 /* tgs.plist in Resources */ = {isa = PBXBuildFile; fileRef = D5B2609B1C156B2B00174F02 /* tgs.plist */; };
		D5B2609F1C15739200174F02 /* TuanGouModel.m in Sources */ = {isa = PBXBuildFile; fileRef = D5B2609E1C15739200174F02 /* TuanGouModel.m */; };
		D5B260A31C1575F400174F02 /* NSArray+Log.m in Sources */ = {isa = PBXBuildFile; fileRef = D5B260A21C1575F400174F02 /* NSArray+Log.m */; };
		D5B260AD1C157DD100174F02 /* TuanGouTableViewCell.m in Sources */ = {isa = PBXBuildFile; fileRef = D5B260AC1C157DD000174F02 /* TuanGouTableViewCell.m */; };
		D5B260AF1C157E1D00174F02 /* TuanGouTableViewCell.xib in Resources */ = {isa = PBXBuildFile; fileRef = D5B260AE1C157E1D00174F02 /* TuanGouTableViewCell.xib */; };
/* End PBXBuildFile section */

/* Begin PBXContainerItemProxy section */
		D5B2607F1C156ACD00174F02 /* PBXContainerItemProxy */ = {
			isa = PBXContainerItemProxy;
			containerPortal = D5B2605D1C156ACC00174F02 /* Project object */;
			proxyType = 1;
			remoteGlobalIDString = D5B260641C156ACC00174F02;
			remoteInfo = "20151207003-UITableViewController-MeiTuan";
		};
		D5B2608A1C156ACD00174F02 /* PBXContainerItemProxy */ = {
			isa = PBXContainerItemProxy;
			containerPortal = D5B2605D1C156ACC00174F02 /* Project object */;
			proxyType = 1;
			remoteGlobalIDString = D5B260641C156ACC00174F02;
			remoteInfo = "20151207003-UITableViewController-MeiTuan";
		};
/* End PBXContainerItemProxy section */

/* Begin PBXFileReference section */
		D5B260651C156ACC00174F02 /* 20151207003-UITableViewController-MeiTuan.app */ = {isa = PBXFileReference; explicitFileType = wrapper.application; includeInIndex = 0; path = "20151207003-UITableViewController-MeiTuan.app"; sourceTree = BUILT_PRODUCTS_DIR; };
		D5B260691C156ACC00174F02 /* main.m */ = {isa = PBXFileReference; lastKnownFileType = sourcecode.c.objc; path = main.m; sourceTree = "<group>"; };
		D5B2606B1C156ACC00174F02 /* AppDelegate.h */ = {isa = PBXFileReference; lastKnownFileType = sourcecode.c.h; path = AppDelegate.h; sourceTree = "<group>"; };
		D5B2606C1C156ACC00174F02 /* AppDelegate.m */ = {isa = PBXFileReference; lastKnownFileType = sourcecode.c.objc; path = AppDelegate.m; sourceTree = "<group>"; };
		D5B2606E1C156ACC00174F02 /* ViewController.h */ = {isa = PBXFileReference; lastKnownFileType = sourcecode.c.h; path = ViewController.h; sourceTree = "<group>"; };
		D5B2606F1C156ACC00174F02 /* ViewController.m */ = {isa = PBXFileReference; lastKnownFileType = sourcecode.c.objc; path = ViewController.m; sourceTree = "<group>"; };
		D5B260721C156ACC00174F02 /* Base */ = {isa = PBXFileReference; lastKnownFileType = file.storyboard; name = Base; path = Base.lproj/Main.storyboard; sourceTree = "<group>"; };
		D5B260741C156ACC00174F02 /* Assets.xcassets */ = {isa = PBXFileReference; lastKnownFileType = folder.assetcatalog; path = Assets.xcassets; sourceTree = "<group>"; };
		D5B260771C156ACC00174F02 /* Base */ = {isa = PBXFileReference; lastKnownFileType = file.storyboard; name = Base; path = Base.lproj/LaunchScreen.storyboard; sourceTree = "<group>"; };
		D5B260791C156ACC00174F02 /* Info.plist */ = {isa = PBXFileReference; lastKnownFileType = text.plist.xml; path = Info.plist; sourceTree = "<group>"; };
		D5B2607E1C156ACD00174F02 /* 20151207003-UITableViewController-MeiTuanTests.xctest */ = {isa = PBXFileReference; explicitFileType = wrapper.cfbundle; includeInIndex = 0; path = "20151207003-UITableViewController-MeiTuanTests.xctest"; sourceTree = BUILT_PRODUCTS_DIR; };
		D5B260821C156ACD00174F02 /* _0151207003_UITableViewController_MeiTuanTests.m */ = {isa = PBXFileReference; lastKnownFileType = sourcecode.c.objc; path = _0151207003_UITableViewController_MeiTuanTests.m; sourceTree = "<group>"; };
		D5B260841C156ACD00174F02 /* Info.plist */ = {isa = PBXFileReference; lastKnownFileType = text.plist.xml; path = Info.plist; sourceTree = "<group>"; };
		D5B260891C156ACD00174F02 /* 20151207003-UITableViewController-MeiTuanUITests.xctest */ = {isa = PBXFileReference; explicitFileType = wrapper.cfbundle; includeInIndex = 0; path = "20151207003-UITableViewController-MeiTuanUITests.xctest"; sourceTree = BUILT_PRODUCTS_DIR; };
		D5B2608D1C156ACD00174F02 /* _0151207003_UITableViewController_MeiTuanUITests.m */ = {isa = PBXFileReference; lastKnownFileType = sourcecode.c.objc; path = _0151207003_UITableViewController_MeiTuanUITests.m; sourceTree = "<group>"; };
		D5B2608F1C156ACD00174F02 /* Info.plist */ = {isa = PBXFileReference; lastKnownFileType = text.plist.xml; path = Info.plist; sourceTree = "<group>"; };
		D5B2609B1C156B2B00174F02 /* tgs.plist */ = {isa = PBXFileReference; fileEncoding = 4; lastKnownFileType = text.plist.xml; path = tgs.plist; sourceTree = "<group>"; };
		D5B2609D1C15739200174F02 /* TuanGouModel.h */ = {isa = PBXFileReference; fileEncoding = 4; lastKnownFileType = sourcecode.c.h; path = TuanGouModel.h; sourceTree = "<group>"; };
		D5B2609E1C15739200174F02 /* TuanGouModel.m */ = {isa = PBXFileReference; fileEncoding = 4; lastKnownFileType = sourcecode.c.objc; path = TuanGouModel.m; sourceTree = "<group>"; };
		D5B260A11C1575F400174F02 /* NSArray+Log.h */ = {isa = PBXFileReference; fileEncoding = 4; lastKnownFileType = sourcecode.c.h; path = "NSArray+Log.h"; sourceTree = "<group>"; };
		D5B260A21C1575F400174F02 /* NSArray+Log.m */ = {isa = PBXFileReference; fileEncoding = 4; lastKnownFileType = sourcecode.c.objc; path = "NSArray+Log.m"; sourceTree = "<group>"; };
		D5B260AB1C157DD000174F02 /* TuanGouTableViewCell.h */ = {isa = PBXFileReference; fileEncoding = 4; lastKnownFileType = sourcecode.c.h; path = TuanGouTableViewCell.h; sourceTree = "<group>"; };
		D5B260AC1C157DD000174F02 /* TuanGouTableViewCell.m */ = {isa = PBXFileReference; fileEncoding = 4; lastKnownFileType = sourcecode.c.objc; path = TuanGouTableViewCell.m; sourceTree = "<group>"; };
		D5B260AE1C157E1D00174F02 /* TuanGouTableViewCell.xib */ = {isa = PBXFileReference; fileEncoding = 4; lastKnownFileType = file.xib; path = TuanGouTableViewCell.xib; sourceTree = "<group>"; };
/* End PBXFileReference section */

/* Begin PBXFrameworksBuildPhase section */
		D5B260621C156ACC00174F02 /* Frameworks */ = {
			isa = PBXFrameworksBuildPhase;
			buildActionMask = 2147483647;
			files = (
			);
			runOnlyForDeploymentPostprocessing = 0;
		};
		D5B2607B1C156ACD00174F02 /* Frameworks */ = {
			isa = PBXFrameworksBuildPhase;
			buildActionMask = 2147483647;
			files = (
			);
			runOnlyForDeploymentPostprocessing = 0;
		};
		D5B260861C156ACD00174F02 /* Frameworks */ = {
			isa = PBXFrameworksBuildPhase;
			buildActionMask = 2147483647;
			files = (
			);
			runOnlyForDeploymentPostprocessing = 0;
		};
/* End PBXFrameworksBuildPhase section */

/* Begin PBXGroup section */
		D5B2605C1C156ACC00174F02 = {
			isa = PBXGroup;
			children = (
				D5B260671C156ACC00174F02 /* 20151207003-UITableViewController-MeiTuan */,
				D5B260811C156ACD00174F02 /* 20151207003-UITableViewController-MeiTuanTests */,
				D5B2608C1C156ACD00174F02 /* 20151207003-UITableViewController-MeiTuanUITests */,
				D5B260661C156ACC00174F02 /* Products */,
			);
			sourceTree = "<group>";
		};
		D5B260661C156ACC00174F02 /* Products */ = {
			isa = PBXGroup;
			children = (
				D5B260651C156ACC00174F02 /* 20151207003-UITableViewController-MeiTuan.app */,
				D5B2607E1C156ACD00174F02 /* 20151207003-UITableViewController-MeiTuanTests.xctest */,
				D5B260891C156ACD00174F02 /* 20151207003-UITableViewController-MeiTuanUITests.xctest */,
			);
			name = Products;
			sourceTree = "<group>";
		};
		D5B260671C156ACC00174F02 /* 20151207003-UITableViewController-MeiTuan */ = {
			isa = PBXGroup;
			children = (
				D5B260A71C157D0E00174F02 /* Classes */,
				D5B260681C156ACC00174F02 /* Supporting Files */,
			);
			path = "20151207003-UITableViewController-MeiTuan";
			sourceTree = "<group>";
		};
		D5B260681C156ACC00174F02 /* Supporting Files */ = {
			isa = PBXGroup;
			children = (
				D5B260741C156ACC00174F02 /* Assets.xcassets */,
				D5B260791C156ACC00174F02 /* Info.plist */,
				D5B260761C156ACC00174F02 /* LaunchScreen.storyboard */,
				D5B260711C156ACC00174F02 /* Main.storyboard */,
				D5B260691C156ACC00174F02 /* main.m */,
			);
			name = "Supporting Files";
			sourceTree = "<group>";
		};
		D5B260811C156ACD00174F02 /* 20151207003-UITableViewController-MeiTuanTests */ = {
			isa = PBXGroup;
			children = (
				D5B260821C156ACD00174F02 /* _0151207003_UITableViewController_MeiTuanTests.m */,
				D5B260841C156ACD00174F02 /* Info.plist */,
			);
			path = "20151207003-UITableViewController-MeiTuanTests";
			sourceTree = "<group>";
		};
		D5B2608C1C156ACD00174F02 /* 20151207003-UITableViewController-MeiTuanUITests */ = {
			isa = PBXGroup;
			children = (
				D5B2608D1C156ACD00174F02 /* _0151207003_UITableViewController_MeiTuanUITests.m */,
				D5B2608F1C156ACD00174F02 /* Info.plist */,
			);
			path = "20151207003-UITableViewController-MeiTuanUITests";
			sourceTree = "<group>";
		};
		D5B260A41C157CC500174F02 /* Controllers */ = {
			isa = PBXGroup;
			children = (
				D5B2606E1C156ACC00174F02 /* ViewController.h */,
				D5B2606F1C156ACC00174F02 /* ViewController.m */,
			);
			name = Controllers;
			sourceTree = "<group>";
		};
		D5B260A51C157CF200174F02 /* Models */ = {
			isa = PBXGroup;
			children = (
				D5B2609D1C15739200174F02 /* TuanGouModel.h */,
				D5B2609E1C15739200174F02 /* TuanGouModel.m */,
			);
			name = Models;
			sourceTree = "<group>";
		};
		D5B260A61C157D0200174F02 /* Others */ = {
			isa = PBXGroup;
			children = (
				D5B260A11C1575F400174F02 /* NSArray+Log.h */,
				D5B260A21C1575F400174F02 /* NSArray+Log.m */,
			);
			name = Others;
			sourceTree = "<group>";
		};
		D5B260A71C157D0E00174F02 /* Classes */ = {
			isa = PBXGroup;
			children = (
				D5B260AA1C157D8000174F02 /* Views */,
				D5B260A91C157D5F00174F02 /* Resources */,
				D5B260A81C157D4400174F02 /* Delegate */,
				D5B260A51C157CF200174F02 /* Models */,
				D5B260A41C157CC500174F02 /* Controllers */,
				D5B260A61C157D0200174F02 /* Others */,
			);
			name = Classes;
			sourceTree = "<group>";
		};
		D5B260A81C157D4400174F02 /* Delegate */ = {
			isa = PBXGroup;
			children = (
				D5B2606B1C156ACC00174F02 /* AppDelegate.h */,
				D5B2606C1C156ACC00174F02 /* AppDelegate.m */,
			);
			name = Delegate;
			sourceTree = "<group>";
		};
		D5B260A91C157D5F00174F02 /* Resources */ = {
			isa = PBXGroup;
			children = (
				D5B2609B1C156B2B00174F02 /* tgs.plist */,
			);
			name = Resources;
			sourceTree = "<group>";
		};
		D5B260AA1C157D8000174F02 /* Views */ = {
			isa = PBXGroup;
			children = (
				D5B260AB1C157DD000174F02 /* TuanGouTableViewCell.h */,
				D5B260AC1C157DD000174F02 /* TuanGouTableViewCell.m */,
				D5B260AE1C157E1D00174F02 /* TuanGouTableViewCell.xib */,
			);
			name = Views;
			sourceTree = "<group>";
		};
/* End PBXGroup section */

/* Begin PBXNativeTarget section */
		D5B260641C156ACC00174F02 /* 20151207003-UITableViewController-MeiTuan */ = {
			isa = PBXNativeTarget;
			buildConfigurationList = D5B260921C156ACD00174F02 /* Build configuration list for PBXNativeTarget "20151207003-UITableViewController-MeiTuan" */;
			buildPhases = (
				D5B260611C156ACC00174F02 /* Sources */,
				D5B260621C156ACC00174F02 /* Frameworks */,
				D5B260631C156ACC00174F02 /* Resources */,
			);
			buildRules = (
			);
			dependencies = (
			);
			name = "20151207003-UITableViewController-MeiTuan";
			productName = "20151207003-UITableViewController-MeiTuan";
			productReference = D5B260651C156ACC00174F02 /* 20151207003-UITableViewController-MeiTuan.app */;
			productType = "com.apple.product-type.application";
		};
		D5B2607D1C156ACD00174F02 /* 20151207003-UITableViewController-MeiTuanTests */ = {
			isa = PBXNativeTarget;
			buildConfigurationList = D5B260951C156ACD00174F02 /* Build configuration list for PBXNativeTarget "20151207003-UITableViewController-MeiTuanTests" */;
			buildPhases = (
				D5B2607A1C156ACD00174F02 /* Sources */,
				D5B2607B1C156ACD00174F02 /* Frameworks */,
				D5B2607C1C156ACD00174F02 /* Resources */,
			);
			buildRules = (
			);
			dependencies = (
				D5B260801C156ACD00174F02 /* PBXTargetDependency */,
			);
			name = "20151207003-UITableViewController-MeiTuanTests";
			productName = "20151207003-UITableViewController-MeiTuanTests";
			productReference = D5B2607E1C156ACD00174F02 /* 20151207003-UITableViewController-MeiTuanTests.xctest */;
			productType = "com.apple.product-type.bundle.unit-test";
		};
		D5B260881C156ACD00174F02 /* 20151207003-UITableViewController-MeiTuanUITests */ = {
			isa = PBXNativeTarget;
			buildConfigurationList = D5B260981C156ACD00174F02 /* Build configuration list for PBXNativeTarget "20151207003-UITableViewController-MeiTuanUITests" */;
			buildPhases = (
				D5B260851C156ACD00174F02 /* Sources */,
				D5B260861C156ACD00174F02 /* Frameworks */,
				D5B260871C156ACD00174F02 /* Resources */,
			);
			buildRules = (
			);
			dependencies = (
				D5B2608B1C156ACD00174F02 /* PBXTargetDependency */,
			);
			name = "20151207003-UITableViewController-MeiTuanUITests";
			productName = "20151207003-UITableViewController-MeiTuanUITests";
			productReference = D5B260891C156ACD00174F02 /* 20151207003-UITableViewController-MeiTuanUITests.xctest */;
			productType = "com.apple.product-type.bundle.ui-testing";
		};
/* End PBXNativeTarget section */

/* Begin PBXProject section */
		D5B2605D1C156ACC00174F02 /* Project object */ = {
			isa = PBXProject;
			attributes = {
				LastUpgradeCheck = 0710;
				ORGANIZATIONNAME = Rainer;
				TargetAttributes = {
					D5B260641C156ACC00174F02 = {
						CreatedOnToolsVersion = 7.1;
					};
					D5B2607D1C156ACD00174F02 = {
						CreatedOnToolsVersion = 7.1;
						TestTargetID = D5B260641C156ACC00174F02;
					};
					D5B260881C156ACD00174F02 = {
						CreatedOnToolsVersion = 7.1;
						TestTargetID = D5B260641C156ACC00174F02;
					};
				};
			};
			buildConfigurationList = D5B260601C156ACC00174F02 /* Build configuration list for PBXProject "20151207003-UITableViewController-MeiTuan" */;
			compatibilityVersion = "Xcode 3.2";
			developmentRegion = English;
			hasScannedForEncodings = 0;
			knownRegions = (
				en,
				Base,
			);
			mainGroup = D5B2605C1C156ACC00174F02;
			productRefGroup = D5B260661C156ACC00174F02 /* Products */;
			projectDirPath = "";
			projectRoot = "";
			targets = (
				D5B260641C156ACC00174F02 /* 20151207003-UITableViewController-MeiTuan */,
				D5B2607D1C156ACD00174F02 /* 20151207003-UITableViewController-MeiTuanTests */,
				D5B260881C156ACD00174F02 /* 20151207003-UITableViewController-MeiTuanUITests */,
			);
		};
/* End PBXProject section */

/* Begin PBXResourcesBuildPhase section */
		D5B260631C156ACC00174F02 /* Resources */ = {
			isa = PBXResourcesBuildPhase;
			buildActionMask = 2147483647;
			files = (
				D5B260AF1C157E1D00174F02 /* TuanGouTableViewCell.xib in Resources */,
				D5B260781C156ACC00174F02 /* LaunchScreen.storyboard in Resources */,
				D5B2609C1C156B2B00174F02 /* tgs.plist in Resources */,
				D5B260751C156ACC00174F02 /* Assets.xcassets in Resources */,
				D5B260731C156ACC00174F02 /* Main.storyboard in Resources */,
			);
			runOnlyForDeploymentPostprocessing = 0;
		};
		D5B2607C1C156ACD00174F02 /* Resources */ = {
			isa = PBXResourcesBuildPhase;
			buildActionMask = 2147483647;
			files = (
			);
			runOnlyForDeploymentPostprocessing = 0;
		};
		D5B260871C156ACD00174F02 /* Resources */ = {
			isa = PBXResourcesBuildPhase;
			buildActionMask = 2147483647;
			files = (
			);
			runOnlyForDeploymentPostprocessing = 0;
		};
/* End PBXResourcesBuildPhase section */

/* Begin PBXSourcesBuildPhase section */
		D5B260611C156ACC00174F02 /* Sources */ = {
			isa = PBXSourcesBuildPhase;
			buildActionMask = 2147483647;
			files = (
				D5B260A31C1575F400174F02 /* NSArray+Log.m in Sources */,
				D5B260AD1C157DD100174F02 /* TuanGouTableViewCell.m in Sources */,
				D5B260701C156ACC00174F02 /* ViewController.m in Sources */,
				D5B2609F1C15739200174F02 /* TuanGouModel.m in Sources */,
				D5B2606D1C156ACC00174F02 /* AppDelegate.m in Sources */,
				D5B2606A1C156ACC00174F02 /* main.m in Sources */,
			);
			runOnlyForDeploymentPostprocessing = 0;
		};
		D5B2607A1C156ACD00174F02 /* Sources */ = {
			isa = PBXSourcesBuildPhase;
			buildActionMask = 2147483647;
			files = (
				D5B260831C156ACD00174F02 /* _0151207003_UITableViewController_MeiTuanTests.m in Sources */,
			);
			runOnlyForDeploymentPostprocessing = 0;
		};
		D5B260851C156ACD00174F02 /* Sources */ = {
			isa = PBXSourcesBuildPhase;
			buildActionMask = 2147483647;
			files = (
				D5B2608E1C156ACD00174F02 /* _0151207003_UITableViewController_MeiTuanUITests.m in Sources */,
			);
			runOnlyForDeploymentPostprocessing = 0;
		};
/* End PBXSourcesBuildPhase section */

/* Begin PBXTargetDependency section */
		D5B260801C156ACD00174F02 /* PBXTargetDependency */ = {
			isa = PBXTargetDependency;
			target = D5B260641C156ACC00174F02 /* 20151207003-UITableViewController-MeiTuan */;
			targetProxy = D5B2607F1C156ACD00174F02 /* PBXContainerItemProxy */;
		};
		D5B2608B1C156ACD00174F02 /* PBXTargetDependency */ = {
			isa = PBXTargetDependency;
			target = D5B260641C156ACC00174F02 /* 20151207003-UITableViewController-MeiTuan */;
			targetProxy = D5B2608A1C156ACD00174F02 /* PBXContainerItemProxy */;
		};
/* End PBXTargetDependency section */

/* Begin PBXVariantGroup section */
		D5B260711C156ACC00174F02 /* Main.storyboard */ = {
			isa = PBXVariantGroup;
			children = (
				D5B260721C156ACC00174F02 /* Base */,
			);
			name = Main.storyboard;
			sourceTree = "<group>";
		};
		D5B260761C156ACC00174F02 /* LaunchScreen.storyboard */ = {
			isa = PBXVariantGroup;
			children = (
				D5B260771C156ACC00174F02 /* Base */,
			);
			name = LaunchScreen.storyboard;
			sourceTree = "<group>";
		};
/* End PBXVariantGroup section */

/* Begin XCBuildConfiguration section */
		D5B260901C156ACD00174F02 /* Debug */ = {
			isa = XCBuildConfiguration;
			buildSettings = {
				ALWAYS_SEARCH_USER_PATHS = NO;
				CLANG_CXX_LANGUAGE_STANDARD = "gnu++0x";
				CLANG_CXX_LIBRARY = "libc++";
				CLANG_ENABLE_MODULES = YES;
				CLANG_ENABLE_OBJC_ARC = YES;
				CLANG_WARN_BOOL_CONVERSION = YES;
				CLANG_WARN_CONSTANT_CONVERSION = YES;
				CLANG_WARN_DIRECT_OBJC_ISA_USAGE = YES_ERROR;
				CLANG_WARN_EMPTY_BODY = YES;
				CLANG_WARN_ENUM_CONVERSION = YES;
				CLANG_WARN_INT_CONVERSION = YES;
				CLANG_WARN_OBJC_ROOT_CLASS = YES_ERROR;
				CLANG_WARN_UNREACHABLE_CODE = YES;
				CLANG_WARN__DUPLICATE_METHOD_MATCH = YES;
				"CODE_SIGN_IDENTITY[sdk=iphoneos*]" = "iPhone Developer";
				COPY_PHASE_STRIP = NO;
				DEBUG_INFORMATION_FORMAT = dwarf;
				ENABLE_STRICT_OBJC_MSGSEND = YES;
				ENABLE_TESTABILITY = YES;
				GCC_C_LANGUAGE_STANDARD = gnu99;
				GCC_DYNAMIC_NO_PIC = NO;
				GCC_NO_COMMON_BLOCKS = YES;
				GCC_OPTIMIZATION_LEVEL = 0;
				GCC_PREPROCESSOR_DEFINITIONS = (
					"DEBUG=1",
					"$(inherited)",
				);
				GCC_WARN_64_TO_32_BIT_CONVERSION = YES;
				GCC_WARN_ABOUT_RETURN_TYPE = YES_ERROR;
				GCC_WARN_UNDECLARED_SELECTOR = YES;
				GCC_WARN_UNINITIALIZED_AUTOS = YES_AGGRESSIVE;
				GCC_WARN_UNUSED_FUNCTION = YES;
				GCC_WARN_UNUSED_VARIABLE = YES;
				IPHONEOS_DEPLOYMENT_TARGET = 9.1;
				MTL_ENABLE_DEBUG_INFO = YES;
				ONLY_ACTIVE_ARCH = YES;
				SDKROOT = iphoneos;
			};
			name = Debug;
		};
		D5B260911C156ACD00174F02 /* Release */ = {
			isa = XCBuildConfiguration;
			buildSettings = {
				ALWAYS_SEARCH_USER_PATHS = NO;
				CLANG_CXX_LANGUAGE_STANDARD = "gnu++0x";
				CLANG_CXX_LIBRARY = "libc++";
				CLANG_ENABLE_MODULES = YES;
				CLANG_ENABLE_OBJC_ARC = YES;
				CLANG_WARN_BOOL_CONVERSION = YES;
				CLANG_WARN_CONSTANT_CONVERSION = YES;
				CLANG_WARN_DIRECT_OBJC_ISA_USAGE = YES_ERROR;
				CLANG_WARN_EMPTY_BODY = YES;
				CLANG_WARN_ENUM_CONVERSION = YES;
				CLANG_WARN_INT_CONVERSION = YES;
				CLANG_WARN_OBJC_ROOT_CLASS = YES_ERROR;
				CLANG_WARN_UNREACHABLE_CODE = YES;
				CLANG_WARN__DUPLICATE_METHOD_MATCH = YES;
				"CODE_SIGN_IDENTITY[sdk=iphoneos*]" = "iPhone Developer";
				COPY_PHASE_STRIP = NO;
				DEBUG_INFORMATION_FORMAT = "dwarf-with-dsym";
				ENABLE_NS_ASSERTIONS = NO;
				ENABLE_STRICT_OBJC_MSGSEND = YES;
				GCC_C_LANGUAGE_STANDARD = gnu99;
				GCC_NO_COMMON_BLOCKS = YES;
				GCC_WARN_64_TO_32_BIT_CONVERSION = YES;
				GCC_WARN_ABOUT_RETURN_TYPE = YES_ERROR;
				GCC_WARN_UNDECLARED_SELECTOR = YES;
				GCC_WARN_UNINITIALIZED_AUTOS = YES_AGGRESSIVE;
				GCC_WARN_UNUSED_FUNCTION = YES;
				GCC_WARN_UNUSED_VARIABLE = YES;
				IPHONEOS_DEPLOYMENT_TARGET = 9.1;
				MTL_ENABLE_DEBUG_INFO = NO;
				SDKROOT = iphoneos;
				VALIDATE_PRODUCT = YES;
			};
			name = Release;
		};
		D5B260931C156ACD00174F02 /* Debug */ = {
			isa = XCBuildConfiguration;
			buildSettings = {
				ASSETCATALOG_COMPILER_APPICON_NAME = AppIcon;
				INFOPLIST_FILE = "20151207003-UITableViewController-MeiTuan/Info.plist";
				LD_RUNPATH_SEARCH_PATHS = "$(inherited) @executable_path/Frameworks";
				PRODUCT_BUNDLE_IDENTIFIER = "com.rainer.-0151207003-UITableViewController-MeiTuan";
				PRODUCT_NAME = "$(TARGET_NAME)";
			};
			name = Debug;
		};
		D5B260941C156ACD00174F02 /* Release */ = {
			isa = XCBuildConfiguration;
			buildSettings = {
				ASSETCATALOG_COMPILER_APPICON_NAME = AppIcon;
				INFOPLIST_FILE = "20151207003-UITableViewController-MeiTuan/Info.plist";
				LD_RUNPATH_SEARCH_PATHS = "$(inherited) @executable_path/Frameworks";
				PRODUCT_BUNDLE_IDENTIFIER = "com.rainer.-0151207003-UITableViewController-MeiTuan";
				PRODUCT_NAME = "$(TARGET_NAME)";
			};
			name = Release;
		};
		D5B260961C156ACD00174F02 /* Debug */ = {
			isa = XCBuildConfiguration;
			buildSettings = {
				BUNDLE_LOADER = "$(TEST_HOST)";
				INFOPLIST_FILE = "20151207003-UITableViewController-MeiTuanTests/Info.plist";
				LD_RUNPATH_SEARCH_PATHS = "$(inherited) @executable_path/Frameworks @loader_path/Frameworks";
				PRODUCT_BUNDLE_IDENTIFIER = "com.rainer.-0151207003-UITableViewController-MeiTuanTests";
				PRODUCT_NAME = "$(TARGET_NAME)";
				TEST_HOST = "$(BUILT_PRODUCTS_DIR)/20151207003-UITableViewController-MeiTuan.app/20151207003-UITableViewController-MeiTuan";
			};
			name = Debug;
		};
		D5B260971C156ACD00174F02 /* Release */ = {
			isa = XCBuildConfiguration;
			buildSettings = {
				BUNDLE_LOADER = "$(TEST_HOST)";
				INFOPLIST_FILE = "20151207003-UITableViewController-MeiTuanTests/Info.plist";
				LD_RUNPATH_SEARCH_PATHS = "$(inherited) @executable_path/Frameworks @loader_path/Frameworks";
				PRODUCT_BUNDLE_IDENTIFIER = "com.rainer.-0151207003-UITableViewController-MeiTuanTests";
				PRODUCT_NAME = "$(TARGET_NAME)";
				TEST_HOST = "$(BUILT_PRODUCTS_DIR)/20151207003-UITableViewController-MeiTuan.app/20151207003-UITableViewController-MeiTuan";
			};
			name = Release;
		};
		D5B260991C156ACD00174F02 /* Debug */ = {
			isa = XCBuildConfiguration;
			buildSettings = {
				INFOPLIST_FILE = "20151207003-UITableViewController-MeiTuanUITests/Info.plist";
				LD_RUNPATH_SEARCH_PATHS = "$(inherited) @executable_path/Frameworks @loader_path/Frameworks";
				PRODUCT_BUNDLE_IDENTIFIER = "com.rainer.-0151207003-UITableViewController-MeiTuanUITests";
				PRODUCT_NAME = "$(TARGET_NAME)";
				TEST_TARGET_NAME = "20151207003-UITableViewController-MeiTuan";
				USES_XCTRUNNER = YES;
			};
			name = Debug;
		};
		D5B2609A1C156ACD00174F02 /* Release */ = {
			isa = XCBuildConfiguration;
			buildSettings = {
				INFOPLIST_FILE = "20151207003-UITableViewController-MeiTuanUITests/Info.plist";
				LD_RUNPATH_SEARCH_PATHS = "$(inherited) @executable_path/Frameworks @loader_path/Frameworks";
				PRODUCT_BUNDLE_IDENTIFIER = "com.rainer.-0151207003-UITableViewController-MeiTuanUITests";
				PRODUCT_NAME = "$(TARGET_NAME)";
				TEST_TARGET_NAME = "20151207003-UITableViewController-MeiTuan";
				USES_XCTRUNNER = YES;
			};
			name = Release;
		};
/* End XCBuildConfiguration section */

/* Begin XCConfigurationList section */
		D5B260601C156ACC00174F02 /* Build configuration list for PBXProject "20151207003-UITableViewController-MeiTuan" */ = {
			isa = XCConfigurationList;
			buildConfigurations = (
				D5B260901C156ACD00174F02 /* Debug */,
				D5B260911C156ACD00174F02 /* Release */,
			);
			defaultConfigurationIsVisible = 0;
			defaultConfigurationName = Release;
		};
		D5B260921C156ACD00174F02 /* Build configuration list for PBXNativeTarget "20151207003-UITableViewController-MeiTuan" */ = {
			isa = XCConfigurationList;
			buildConfigurations = (
				D5B260931C156ACD00174F02 /* Debug */,
				D5B260941C156ACD00174F02 /* Release */,
			);
			defaultConfigurationIsVisible = 0;
		};
		D5B260951C156ACD00174F02 /* Build configuration list for PBXNativeTarget "20151207003-UITableViewController-MeiTuanTests" */ = {
			isa = XCConfigurationList;
			buildConfigurations = (
				D5B260961C156ACD00174F02 /* Debug */,
				D5B260971C156ACD00174F02 /* Release */,
			);
			defaultConfigurationIsVisible = 0;
		};
		D5B260981C156ACD00174F02 /* Build configuration list for PBXNativeTarget "20151207003-UITableViewController-MeiTuanUITests" */ = {
			isa = XCConfigurationList;
			buildConfigurations = (
				D5B260991C156ACD00174F02 /* Debug */,
				D5B2609A1C156ACD00174F02 /* Release */,
			);
			defaultConfigurationIsVisible = 0;
		};
/* End XCConfigurationList section */
	};
	rootObject = D5B2605D1C156ACC00174F02 /* Project object */;
}
